
Microsoft Visual Studio Solution File, Format Version 12.00
# Visual Studio Version 17
VisualStudioVersion = 17.8.34330.188
MinimumVisualStudioVersion = 10.0.40219.1
Project("{FAE04EC0-301F-11D3-BF4B-00C04F79EFBC}") = "Week3Test", "Week3Test\Week3Test.csproj", "{9577CF56-DDF8-4E9E-8B2D-87DD090B7B4B}"
EndProject
Project("{FAE04EC0-301F-11D3-BF4B-00C04F79EFBC}") = "Week3TestSwitch", "Week3TestSwitch\Week3TestSwitch.csproj", "{1CA6DD94-CD98-40FB-94ED-CC1B66650BD2}"
EndProject
Global
	GlobalSection(SolutionConfigurationPlatforms) = preSolution
		Debug|Any CPU = Debug|Any CPU
		Release|Any CPU = Release|Any CPU
	EndGlobalSection
	GlobalSection(ProjectConfigurationPlatforms) = postSolution
		{9577CF56-DDF8-4E9E-8B2D-87DD090B7B4B}.Debug|Any CPU.ActiveCfg = Debug|Any CPU
		{9577CF56-DDF8-4E9E-8B2D-87DD090B7B4B}.Debug|Any CPU.Build.0 = Debug|Any CPU
		{9577CF56-DDF8-4E9E-8B2D-87DD090B7B4B}.Release|Any CPU.ActiveCfg = Release|Any CPU
		{9577CF56-DDF8-4E9E-8B2D-87DD090B7B4B}.Release|Any CPU.Build.0 = Release|Any CPU
		{1CA6DD94-CD98-40FB-94ED-CC1B66650BD2}.Debug|Any CPU.ActiveCfg = Debug|Any CPU
		{1CA6DD94-CD98-40FB-94ED-CC1B66650BD2}.Debug|Any CPU.Build.0 = Debug|Any CPU
		{1CA6DD94-CD98-40FB-94ED-CC1B66650BD2}.Release|Any CPU.ActiveCfg = Release|Any CPU
		{1CA6DD94-CD98-40FB-94ED-CC1B66650BD2}.Release|Any CPU.Build.0 = Release|Any CPU
	EndGlobalSection
	GlobalSection(SolutionProperties) = preSolution
		HideSolutionNode = FALSE
	EndGlobalSection
	GlobalSection(ExtensibilityGlobals) = postSolution
		SolutionGuid = {8851EE8E-21AF-431C-83CF-223413544230}
	EndGlobalSection
EndGlobal
